
Microsoft Visual Studio Solution File, Format Version 12.00
# Visual Studio 14
VisualStudioVersion = 14.0.25420.1
MinimumVisualStudioVersion = 10.0.40219.1
Project("{FAE04EC0-301F-11D3-BF4B-00C04F79EFBC}") = "cube-lut", "cube-lut\cube-lut.csproj", "{A827DDFF-0F11-47A2-92E5-FD47986BBD9E}"
EndProject
Project("{FAE04EC0-301F-11D3-BF4B-00C04F79EFBC}") = "cube-lut-wpf", "cube-lut-wpf\cube-lut-wpf.csproj", "{B97A2BD4-7F49-44AA-8B3C-A2285F65C191}"
EndProject
Global
	GlobalSection(SolutionConfigurationPlatforms) = preSolution
		Debug|Any CPU = Debug|Any CPU
		Debug|x64 = Debug|x64
		Release|Any CPU = Release|Any CPU
		Release|x64 = Release|x64
	EndGlobalSection
	GlobalSection(ProjectConfigurationPlatforms) = postSolution
		{A827DDFF-0F11-47A2-92E5-FD47986BBD9E}.Debug|Any CPU.ActiveCfg = Debug|Any CPU
		{A827DDFF-0F11-47A2-92E5-FD47986BBD9E}.Debug|Any CPU.Build.0 = Debug|Any CPU
		{A827DDFF-0F11-47A2-92E5-FD47986BBD9E}.Debug|x64.ActiveCfg = Debug|Any CPU
		{A827DDFF-0F11-47A2-92E5-FD47986BBD9E}.Debug|x64.Build.0 = Debug|Any CPU
		{A827DDFF-0F11-47A2-92E5-FD47986BBD9E}.Release|Any CPU.ActiveCfg = Release|Any CPU
		{A827DDFF-0F11-47A2-92E5-FD47986BBD9E}.Release|Any CPU.Build.0 = Release|Any CPU
		{A827DDFF-0F11-47A2-92E5-FD47986BBD9E}.Release|x64.ActiveCfg = Release|Any CPU
		{A827DDFF-0F11-47A2-92E5-FD47986BBD9E}.Release|x64.Build.0 = Release|Any CPU
		{B97A2BD4-7F49-44AA-8B3C-A2285F65C191}.Debug|Any CPU.ActiveCfg = Debug|Any CPU
		{B97A2BD4-7F49-44AA-8B3C-A2285F65C191}.Debug|Any CPU.Build.0 = Debug|Any CPU
		{B97A2BD4-7F49-44AA-8B3C-A2285F65C191}.Debug|x64.ActiveCfg = Debug|x64
		{B97A2BD4-7F49-44AA-8B3C-A2285F65C191}.Debug|x64.Build.0 = Debug|x64
		{B97A2BD4-7F49-44AA-8B3C-A2285F65C191}.Release|Any CPU.ActiveCfg = Release|Any CPU
		{B97A2BD4-7F49-44AA-8B3C-A2285F65C191}.Release|Any CPU.Build.0 = Release|Any CPU
		{B97A2BD4-7F49-44AA-8B3C-A2285F65C191}.Release|x64.ActiveCfg = Release|x64
		{B97A2BD4-7F49-44AA-8B3C-A2285F65C191}.Release|x64.Build.0 = Release|x64
	EndGlobalSection
	GlobalSection(SolutionProperties) = preSolution
		HideSolutionNode = FALSE
	EndGlobalSection
EndGlobal
